// !$*UTF8*$!
{
	archiveVersion = 1;
	classes = {
	};
	objectVersion = 56;
	objects = {

/* Begin PBXBuildFile section */
		CE000004000000000000004F /* StubApp.swift in Sources */ = {isa = PBXBuildFile; fileRef = CE000001000000000000001F /* StubApp.swift */; };
		CE000005000000000000005F /* ContentView.swift in Sources */ = {isa = PBXBuildFile; fileRef = CE000002000000000000002F /* ContentView.swift */; };
		367342A92D5B179B00E4CF04 /* HapticTestView.swift in Sources */ = {isa = PBXBuildFile; fileRef = 367342A82D5B179B00E4CF04 /* HapticTestView.swift */; };
		36FE29EE2D502BA400A5E88E /* RadAlertApp.swift in Sources */ = {isa = PBXBuildFile; fileRef = 36FE29ED2D502BA400A5E88E /* RadAlertApp.swift */; };
		36FE29F22D502BA600A5E88E /* Assets.xcassets in Resources */ = {isa = PBXBuildFile; fileRef = 36FE29F12D502BA600A5E88E /* Assets.xcassets */; };
		36FE29F52D502BA600A5E88E /* Preview Assets.xcassets in Resources */ = {isa = PBXBuildFile; fileRef = 36FE29F42D502BA600A5E88E /* Preview Assets.xcassets */; };
		36FE2A292D51105B00A5E88E /* project_overview.txt in Resources */ = {isa = PBXBuildFile; fileRef = 36FE2A282D51105B00A5E88E /* project_overview.txt */; };
		36FE2A2B2D51AF9200A5E88E /* WatchAppState.swift in Sources */ = {isa = PBXBuildFile; fileRef = 36FE2A2A2D51AF9200A5E88E /* WatchAppState.swift */; };
		36FE2A2D2D51AFA400A5E88E /* WorkoutSessionManager.swift in Sources */ = {isa = PBXBuildFile; fileRef = 36FE2A2C2D51AFA400A5E88E /* WorkoutSessionManager.swift */; };
		36FE2A2F2D51B0BE00A5E88E /* IdleView.swift in Sources */ = {isa = PBXBuildFile; fileRef = 36FE2A2E2D51B0BE00A5E88E /* IdleView.swift */; };
		EE11223344556677889900EE /* OnboardingView.swift in Sources */ = {isa = PBXBuildFile; fileRef = FF11223344556677889900FF /* OnboardingView.swift */; };
		36FE2A312D51B0E300A5E88E /* WorkoutView.swift in Sources */ = {isa = PBXBuildFile; fileRef = 36FE2A302D51B0E300A5E88E /* WorkoutView.swift */; };
		AA11223344556677889900AA /* BluetoothManager.swift in Sources */ = {isa = PBXBuildFile; fileRef = BB11223344556677889900BB /* BluetoothManager.swift */; };
		CC22334455667788990011CC /* SavedRadar.swift in Sources */ = {isa = PBXBuildFile; fileRef = DD22334455667788990011DD /* SavedRadar.swift */; };
		EE22334455667788990011EE /* RadarSelectionView.swift in Sources */ = {isa = PBXBuildFile; fileRef = FF22334455667788990011FF /* RadarSelectionView.swift */; };
		AA22334455667788990011AA /* SettingsView.swift in Sources */ = {isa = PBXBuildFile; fileRef = BB22334455667788990011BB /* SettingsView.swift */; };
/* End PBXBuildFile section */

/* Begin PBXFileReference section */
		CE000001000000000000001F /* StubApp.swift */ = {isa = PBXFileReference; lastKnownFileType = sourcecode.swift; path = StubApp.swift; sourceTree = "<group>"; };
		CE000002000000000000002F /* ContentView.swift */ = {isa = PBXFileReference; lastKnownFileType = sourcecode.swift; path = ContentView.swift; sourceTree = "<group>"; };
		CE000003000000000000003F /* VariAlertStub.app */ = {isa = PBXFileReference; explicitFileType = wrapper.application; includeInIndex = 0; path = VariAlertStub.app; sourceTree = BUILT_PRODUCTS_DIR; };
		367342A82D5B179B00E4CF04 /* HapticTestView.swift */ = {isa = PBXFileReference; lastKnownFileType = sourcecode.swift; path = HapticTestView.swift; sourceTree = "<group>"; };
		36FE29EB2D502BA400A5E88E /* RadAlert Watch App.app */ = {isa = PBXFileReference; explicitFileType = wrapper.application; includeInIndex = 0; path = "RadAlert Watch App.app"; sourceTree = BUILT_PRODUCTS_DIR; };
		36FE29ED2D502BA400A5E88E /* RadAlertApp.swift */ = {isa = PBXFileReference; lastKnownFileType = sourcecode.swift; path = RadAlertApp.swift; sourceTree = "<group>"; };
		36FE29F12D502BA600A5E88E /* Assets.xcassets */ = {isa = PBXFileReference; lastKnownFileType = folder.assetcatalog; path = Assets.xcassets; sourceTree = "<group>"; };
		36FE29F42D502BA600A5E88E /* Preview Assets.xcassets */ = {isa = PBXFileReference; lastKnownFileType = folder.assetcatalog; path = "Preview Assets.xcassets"; sourceTree = "<group>"; };
		36FE2A282D51105B00A5E88E /* project_overview.txt */ = {isa = PBXFileReference; fileEncoding = 4; lastKnownFileType = text; name = project_overview.txt; path = ../project_overview.txt; sourceTree = "<group>"; };
		36FE2A2A2D51AF9200A5E88E /* WatchAppState.swift */ = {isa = PBXFileReference; lastKnownFileType = sourcecode.swift; path = WatchAppState.swift; sourceTree = "<group>"; };
		36FE2A2C2D51AFA400A5E88E /* WorkoutSessionManager.swift */ = {isa = PBXFileReference; lastKnownFileType = sourcecode.swift; path = WorkoutSessionManager.swift; sourceTree = "<group>"; };
		36FE2A2E2D51B0BE00A5E88E /* IdleView.swift */ = {isa = PBXFileReference; lastKnownFileType = sourcecode.swift; path = IdleView.swift; sourceTree = "<group>"; };
		FF11223344556677889900FF /* OnboardingView.swift */ = {isa = PBXFileReference; lastKnownFileType = sourcecode.swift; path = OnboardingView.swift; sourceTree = "<group>"; };
		36FE2A302D51B0E300A5E88E /* WorkoutView.swift */ = {isa = PBXFileReference; lastKnownFileType = sourcecode.swift; path = WorkoutView.swift; sourceTree = "<group>"; };
		36FE2A322D51B36100A5E88E /* RadAlert Watch App.entitlements */ = {isa = PBXFileReference; lastKnownFileType = text.plist.entitlements; path = "RadAlert Watch App.entitlements"; sourceTree = "<group>"; };
		BB11223344556677889900BB /* BluetoothManager.swift */ = {isa = PBXFileReference; lastKnownFileType = sourcecode.swift; path = BluetoothManager.swift; sourceTree = "<group>"; };
		DD22334455667788990011DD /* SavedRadar.swift */ = {isa = PBXFileReference; lastKnownFileType = sourcecode.swift; path = SavedRadar.swift; sourceTree = "<group>"; };
		FF22334455667788990011FF /* RadarSelectionView.swift */ = {isa = PBXFileReference; lastKnownFileType = sourcecode.swift; path = RadarSelectionView.swift; sourceTree = "<group>"; };
		BB22334455667788990011BB /* SettingsView.swift */ = {isa = PBXFileReference; lastKnownFileType = sourcecode.swift; path = SettingsView.swift; sourceTree = "<group>"; };
/* End PBXFileReference section */

/* Begin PBXFrameworksBuildPhase section */
		36FE29E82D502BA400A5E88E /* Frameworks */ = {
			isa = PBXFrameworksBuildPhase;
			buildActionMask = 2147483647;
			files = (
			);
			runOnlyForDeploymentPostprocessing = 0;
		};
		CE000008000000000000008F /* Frameworks (VariAlertStub) */ = {
			isa = PBXFrameworksBuildPhase;
			buildActionMask = 2147483647;
			files = (
			);
			runOnlyForDeploymentPostprocessing = 0;
		};
/* End PBXFrameworksBuildPhase section */

/* Begin PBXGroup section */
		36FE29CD2D502B1800A5E88E = {
			isa = PBXGroup;
			children = (
				36FE2A282D51105B00A5E88E /* project_overview.txt */,
				36FE29EC2D502BA400A5E88E /* RadAlert Watch App */,
				CE00000D0000000000000DDF /* VariAlertStub */,
				36FE29D72D502B1800A5E88E /* Products */,
			);
			sourceTree = "<group>";
		};
		CE00000D0000000000000DDF /* VariAlertStub */ = {
			isa = PBXGroup;
			children = (
				CE000001000000000000001F /* StubApp.swift */,
				CE000002000000000000002F /* ContentView.swift */,
			);
			path = VariAlertStub;
			sourceTree = "<group>";
		};
		36FE29D72D502B1800A5E88E /* Products */ = {
			isa = PBXGroup;
			children = (
				36FE29EB2D502BA400A5E88E /* RadAlert Watch App.app */,
				CE000003000000000000003F /* VariAlertStub.app */,
			);
			name = Products;
			sourceTree = "<group>";
		};
		36FE29EC2D502BA400A5E88E /* RadAlert Watch App */ = {
			isa = PBXGroup;
			children = (
				36FE2A322D51B36100A5E88E /* RadAlert Watch App.entitlements */,
				36FE2A2A2D51AF9200A5E88E /* WatchAppState.swift */,
				36FE2A2C2D51AFA400A5E88E /* WorkoutSessionManager.swift */,
				36FE29ED2D502BA400A5E88E /* RadAlertApp.swift */,
				BB11223344556677889900BB /* BluetoothManager.swift */,
				367342A82D5B179B00E4CF04 /* HapticTestView.swift */,
				36FE29F12D502BA600A5E88E /* Assets.xcassets */,
				36FE29F32D502BA600A5E88E /* Preview Content */,
				36FE2A2E2D51B0BE00A5E88E /* IdleView.swift */,
				36FE2A302D51B0E300A5E88E /* WorkoutView.swift */,
				FF11223344556677889900FF /* OnboardingView.swift */,
				DD22334455667788990011DD /* SavedRadar.swift */,
				FF22334455667788990011FF /* RadarSelectionView.swift */,
				BB22334455667788990011BB /* SettingsView.swift */,
			);
			path = "RadAlert Watch App";
			sourceTree = "<group>";
		};
		36FE29F32D502BA600A5E88E /* Preview Content */ = {
			isa = PBXGroup;
			children = (
				36FE29F42D502BA600A5E88E /* Preview Assets.xcassets */,
			);
			path = "Preview Content";
			sourceTree = "<group>";
		};
/* End PBXGroup section */

/* Begin PBXNativeTarget section */
		36FE29EA2D502BA400A5E88E /* RadAlert Watch App */ = {
			isa = PBXNativeTarget;
			buildConfigurationList = 36FE29F92D502BA600A5E88E /* Build configuration list for PBXNativeTarget "RadAlert Watch App" */;
			buildPhases = (
				36FE29E72D502BA400A5E88E /* Sources */,
				36FE29E82D502BA400A5E88E /* Frameworks */,
				36FE29E92D502BA400A5E88E /* Resources */,
			);
			buildRules = (
			);
			dependencies = (
			);
			name = "RadAlert Watch App";
			productName = "RadAlert Watch App";
			productReference = 36FE29EB2D502BA400A5E88E /* RadAlert Watch App.app */;
			productType = "com.apple.product-type.application";
		};
		CE000009000000000000009F /* VariAlertStub */ = {
			isa = PBXNativeTarget;
			buildConfigurationList = CE00000C0000000000000CCF /* Build configuration list for PBXNativeTarget "VariAlertStub" */;
			buildPhases = (
				CE000006000000000000006F /* Sources */,
				CE000008000000000000008F /* Frameworks */,
				CE000007000000000000007F /* Resources */,
			);
			buildRules = (
			);
			dependencies = (
			);
			name = VariAlertStub;
			productName = VariAlertStub;
			productReference = CE000003000000000000003F /* VariAlertStub.app */;
			productType = "com.apple.product-type.application";
		};
/* End PBXNativeTarget section */

/* Begin PBXProject section */
		36FE29CE2D502B1800A5E88E /* Project object */ = {
			isa = PBXProject;
			attributes = {
				BuildIndependentTargetsInParallel = 1;
				LastSwiftUpdateCheck = 1540;
				LastUpgradeCheck = 2630;
				TargetAttributes = {
					36FE29EA2D502BA400A5E88E = {
						CreatedOnToolsVersion = 15.4;
					};
					CE000009000000000000009F = {
						CreatedOnToolsVersion = 15.4;
					};
				};
			};
			buildConfigurationList = 36FE29D12D502B1800A5E88E /* Build configuration list for PBXProject "RadAlert" */;
			compatibilityVersion = "Xcode 14.0";
			developmentRegion = en;
			hasScannedForEncodings = 0;
			knownRegions = (
				en,
				Base,
			);
			mainGroup = 36FE29CD2D502B1800A5E88E;
			productRefGroup = 36FE29D72D502B1800A5E88E /* Products */;
			projectDirPath = "";
			projectRoot = "";
			targets = (
				36FE29EA2D502BA400A5E88E /* RadAlert Watch App */,
				CE000009000000000000009F /* VariAlertStub */,
			);
		};
/* End PBXProject section */

/* Begin PBXResourcesBuildPhase section */
		36FE29E92D502BA400A5E88E /* Resources */ = {
			isa = PBXResourcesBuildPhase;
			buildActionMask = 2147483647;
			files = (
				36FE2A292D51105B00A5E88E /* project_overview.txt in Resources */,
				36FE29F52D502BA600A5E88E /* Preview Assets.xcassets in Resources */,
				36FE29F22D502BA600A5E88E /* Assets.xcassets in Resources */,
			);
			runOnlyForDeploymentPostprocessing = 0;
		};
		CE000007000000000000007F /* Resources (VariAlertStub) */ = {
			isa = PBXResourcesBuildPhase;
			buildActionMask = 2147483647;
			files = (
			);
			runOnlyForDeploymentPostprocessing = 0;
		};
/* End PBXResourcesBuildPhase section */

/* Begin PBXSourcesBuildPhase section */
		36FE29E72D502BA400A5E88E /* Sources */ = {
			isa = PBXSourcesBuildPhase;
			buildActionMask = 2147483647;
			files = (
				36FE2A2B2D51AF9200A5E88E /* WatchAppState.swift in Sources */,
				36FE2A312D51B0E300A5E88E /* WorkoutView.swift in Sources */,
				367342A92D5B179B00E4CF04 /* HapticTestView.swift in Sources */,
				AA11223344556677889900AA /* BluetoothManager.swift in Sources */,
				36FE2A2F2D51B0BE00A5E88E /* IdleView.swift in Sources */,
				36FE2A2D2D51AFA400A5E88E /* WorkoutSessionManager.swift in Sources */,
				36FE29EE2D502BA400A5E88E /* RadAlertApp.swift in Sources */,
				EE11223344556677889900EE /* OnboardingView.swift in Sources */,
				CC22334455667788990011CC /* SavedRadar.swift in Sources */,
				EE22334455667788990011EE /* RadarSelectionView.swift in Sources */,
				AA22334455667788990011AA /* SettingsView.swift in Sources */,
			);
			runOnlyForDeploymentPostprocessing = 0;
		};
		CE000006000000000000006F /* Sources (VariAlertStub) */ = {
			isa = PBXSourcesBuildPhase;
			buildActionMask = 2147483647;
			files = (
				CE000004000000000000004F /* StubApp.swift in Sources */,
				CE000005000000000000005F /* ContentView.swift in Sources */,
			);
			runOnlyForDeploymentPostprocessing = 0;
		};
/* End PBXSourcesBuildPhase section */

/* Begin XCBuildConfiguration section */
		36FE29E22D502B1900A5E88E /* Debug */ = {
			isa = XCBuildConfiguration;
			buildSettings = {
				ALWAYS_SEARCH_USER_PATHS = NO;
				ASSETCATALOG_COMPILER_GENERATE_SWIFT_ASSET_SYMBOL_EXTENSIONS = YES;
				CLANG_ANALYZER_NONNULL = YES;
				CLANG_ANALYZER_NUMBER_OBJECT_CONVERSION = YES_AGGRESSIVE;
				CLANG_CXX_LANGUAGE_STANDARD = "gnu++20";
				CLANG_ENABLE_MODULES = YES;
				CLANG_ENABLE_OBJC_ARC = YES;
				CLANG_ENABLE_OBJC_WEAK = YES;
				CLANG_WARN_BLOCK_CAPTURE_AUTORELEASING = YES;
				CLANG_WARN_BOOL_CONVERSION = YES;
				CLANG_WARN_COMMA = YES;
				CLANG_WARN_CONSTANT_CONVERSION = YES;
				CLANG_WARN_DEPRECATED_OBJC_IMPLEMENTATIONS = YES;
				CLANG_WARN_DIRECT_OBJC_ISA_USAGE = YES_ERROR;
				CLANG_WARN_DOCUMENTATION_COMMENTS = YES;
				CLANG_WARN_EMPTY_BODY = YES;
				CLANG_WARN_ENUM_CONVERSION = YES;
				CLANG_WARN_INFINITE_RECURSION = YES;
				CLANG_WARN_INT_CONVERSION = YES;
				CLANG_WARN_NON_LITERAL_NULL_CONVERSION = YES;
				CLANG_WARN_OBJC_IMPLICIT_RETAIN_SELF = YES;
				CLANG_WARN_OBJC_LITERAL_CONVERSION = YES;
				CLANG_WARN_OBJC_ROOT_CLASS = YES_ERROR;
				CLANG_WARN_QUOTED_INCLUDE_IN_FRAMEWORK_HEADER = YES;
				CLANG_WARN_RANGE_LOOP_ANALYSIS = YES;
				CLANG_WARN_STRICT_PROTOTYPES = YES;
				CLANG_WARN_SUSPICIOUS_MOVE = YES;
				CLANG_WARN_UNGUARDED_AVAILABILITY = YES_AGGRESSIVE;
				CLANG_WARN_UNREACHABLE_CODE = YES;
				CLANG_WARN__DUPLICATE_METHOD_MATCH = YES;
				COPY_PHASE_STRIP = NO;
				DEAD_CODE_STRIPPING = YES;
				DEBUG_INFORMATION_FORMAT = dwarf;
				DEVELOPMENT_TEAM = 82Z3449U28;
				ENABLE_STRICT_OBJC_MSGSEND = YES;
				ENABLE_TESTABILITY = YES;
				ENABLE_USER_SCRIPT_SANDBOXING = YES;
				GCC_C_LANGUAGE_STANDARD = gnu17;
				GCC_DYNAMIC_NO_PIC = NO;
				GCC_NO_COMMON_BLOCKS = YES;
				GCC_OPTIMIZATION_LEVEL = 0;
				GCC_PREPROCESSOR_DEFINITIONS = (
					"DEBUG=1",
					"$(inherited)",
				);
				GCC_WARN_64_TO_32_BIT_CONVERSION = YES;
				GCC_WARN_ABOUT_RETURN_TYPE = YES_ERROR;
				GCC_WARN_UNDECLARED_SELECTOR = YES;
				GCC_WARN_UNINITIALIZED_AUTOS = YES_AGGRESSIVE;
				GCC_WARN_UNUSED_FUNCTION = YES;
				GCC_WARN_UNUSED_VARIABLE = YES;
				LOCALIZATION_PREFERS_STRING_CATALOGS = YES;
				MTL_ENABLE_DEBUG_INFO = INCLUDE_SOURCE;
				MTL_FAST_MATH = YES;
				ONLY_ACTIVE_ARCH = YES;
				STRING_CATALOG_GENERATE_SYMBOLS = YES;
				SWIFT_ACTIVE_COMPILATION_CONDITIONS = "DEBUG $(inherited)";
				SWIFT_OPTIMIZATION_LEVEL = "-Onone";
			};
			name = Debug;
		};
		36FE29E32D502B1900A5E88E /* Release */ = {
			isa = XCBuildConfiguration;
			buildSettings = {
				ALWAYS_SEARCH_USER_PATHS = NO;
				ASSETCATALOG_COMPILER_GENERATE_SWIFT_ASSET_SYMBOL_EXTENSIONS = YES;
				CLANG_ANALYZER_NONNULL = YES;
				CLANG_ANALYZER_NUMBER_OBJECT_CONVERSION = YES_AGGRESSIVE;
				CLANG_CXX_LANGUAGE_STANDARD = "gnu++20";
				CLANG_ENABLE_MODULES = YES;
				CLANG_ENABLE_OBJC_ARC = YES;
				CLANG_ENABLE_OBJC_WEAK = YES;
				CLANG_WARN_BLOCK_CAPTURE_AUTORELEASING = YES;
				CLANG_WARN_BOOL_CONVERSION = YES;
				CLANG_WARN_COMMA = YES;
				CLANG_WARN_CONSTANT_CONVERSION = YES;
				CLANG_WARN_DEPRECATED_OBJC_IMPLEMENTATIONS = YES;
				CLANG_WARN_DIRECT_OBJC_ISA_USAGE = YES_ERROR;
				CLANG_WARN_DOCUMENTATION_COMMENTS = YES;
				CLANG_WARN_EMPTY_BODY = YES;
				CLANG_WARN_ENUM_CONVERSION = YES;
				CLANG_WARN_INFINITE_RECURSION = YES;
				CLANG_WARN_INT_CONVERSION = YES;
				CLANG_WARN_NON_LITERAL_NULL_CONVERSION = YES;
				CLANG_WARN_OBJC_IMPLICIT_RETAIN_SELF = YES;
				CLANG_WARN_OBJC_LITERAL_CONVERSION = YES;
				CLANG_WARN_OBJC_ROOT_CLASS = YES_ERROR;
				CLANG_WARN_QUOTED_INCLUDE_IN_FRAMEWORK_HEADER = YES;
				CLANG_WARN_RANGE_LOOP_ANALYSIS = YES;
				CLANG_WARN_STRICT_PROTOTYPES = YES;
				CLANG_WARN_SUSPICIOUS_MOVE = YES;
				CLANG_WARN_UNGUARDED_AVAILABILITY = YES_AGGRESSIVE;
				CLANG_WARN_UNREACHABLE_CODE = YES;
				CLANG_WARN__DUPLICATE_METHOD_MATCH = YES;
				COPY_PHASE_STRIP = NO;
				DEAD_CODE_STRIPPING = YES;
				DEBUG_INFORMATION_FORMAT = "dwarf-with-dsym";
				DEVELOPMENT_TEAM = 82Z3449U28;
				ENABLE_NS_ASSERTIONS = NO;
				ENABLE_STRICT_OBJC_MSGSEND = YES;
				ENABLE_USER_SCRIPT_SANDBOXING = YES;
				GCC_C_LANGUAGE_STANDARD = gnu17;
				GCC_NO_COMMON_BLOCKS = YES;
				GCC_WARN_64_TO_32_BIT_CONVERSION = YES;
				GCC_WARN_ABOUT_RETURN_TYPE = YES_ERROR;
				GCC_WARN_UNDECLARED_SELECTOR = YES;
				GCC_WARN_UNINITIALIZED_AUTOS = YES_AGGRESSIVE;
				GCC_WARN_UNUSED_FUNCTION = YES;
				GCC_WARN_UNUSED_VARIABLE = YES;
				LOCALIZATION_PREFERS_STRING_CATALOGS = YES;
				MTL_ENABLE_DEBUG_INFO = NO;
				MTL_FAST_MATH = YES;
				STRING_CATALOG_GENERATE_SYMBOLS = YES;
				SWIFT_COMPILATION_MODE = wholemodule;
				VALIDATE_PRODUCT = YES;
			};
			name = Release;
		};
		36FE29FA2D502BA600A5E88E /* Debug */ = {
			isa = XCBuildConfiguration;
			buildSettings = {
				ASSETCATALOG_COMPILER_APPICON_NAME = AppIcon;
				ASSETCATALOG_COMPILER_GLOBAL_ACCENT_COLOR_NAME = AccentColor;
				CODE_SIGN_ALLOW_ENTITLEMENTS_MODIFICATION = YES;
				CODE_SIGN_ENTITLEMENTS = "RadAlert Watch App/RadAlert Watch App.entitlements";
				CODE_SIGN_STYLE = Automatic;
				CURRENT_PROJECT_VERSION = 1;
				DEVELOPMENT_ASSET_PATHS = "\"RadAlert Watch App/Preview Content\"";
				ENABLE_PREVIEWS = YES;
				GENERATE_INFOPLIST_FILE = YES;
				INFOPLIST_KEY_CFBundleDisplayName = RadAlert;
				INFOPLIST_KEY_NSBluetoothAlwaysUsageDescription = "RadAlert needs Bluetooth to connect to your Garmin Varia radar.";
				INFOPLIST_KEY_NSHealthShareUsageDescription = "RadAlert needs HealthKit to track your cycling workout.";
				INFOPLIST_KEY_NSHealthUpdateUsageDescription = "RadAlert needs HealthKit to track your cycling workout.";
				INFOPLIST_KEY_UISupportedInterfaceOrientations = "UIInterfaceOrientationPortrait UIInterfaceOrientationPortraitUpsideDown";
				INFOPLIST_KEY_WKCompanionAppBundleIdentifier = com.carlineng.RadAlert;
				INFOPLIST_KEY_WKRunsIndependentlyOfCompanionApp = YES;
				LD_RUNPATH_SEARCH_PATHS = (
					"$(inherited)",
					"@executable_path/Frameworks",
				);
				MARKETING_VERSION = 1.0;
				PRODUCT_BUNDLE_IDENTIFIER = com.carlineng.RadAlert.watchkitapp;
				PRODUCT_NAME = "$(TARGET_NAME)";
				SDKROOT = watchos;
				SWIFT_EMIT_LOC_STRINGS = YES;
				SWIFT_VERSION = 5.0;
				TARGETED_DEVICE_FAMILY = 4;
				WATCHOS_DEPLOYMENT_TARGET = 10.5;
			};
			name = Debug;
		};
		36FE29FB2D502BA600A5E88E /* Release */ = {
			isa = XCBuildConfiguration;
			buildSettings = {
				ASSETCATALOG_COMPILER_APPICON_NAME = AppIcon;
				ASSETCATALOG_COMPILER_GLOBAL_ACCENT_COLOR_NAME = AccentColor;
				CODE_SIGN_ALLOW_ENTITLEMENTS_MODIFICATION = YES;
				CODE_SIGN_ENTITLEMENTS = "RadAlert Watch App/RadAlert Watch App.entitlements";
				CODE_SIGN_STYLE = Automatic;
				CURRENT_PROJECT_VERSION = 1;
				DEVELOPMENT_ASSET_PATHS = "\"RadAlert Watch App/Preview Content\"";
				ENABLE_PREVIEWS = YES;
				GENERATE_INFOPLIST_FILE = YES;
				INFOPLIST_KEY_CFBundleDisplayName = RadAlert;
				INFOPLIST_KEY_NSBluetoothAlwaysUsageDescription = "RadAlert needs Bluetooth to connect to your Garmin Varia radar.";
				INFOPLIST_KEY_NSHealthShareUsageDescription = "RadAlert needs HealthKit to track your cycling workout.";
				INFOPLIST_KEY_NSHealthUpdateUsageDescription = "RadAlert needs HealthKit to track your cycling workout.";
				INFOPLIST_KEY_UISupportedInterfaceOrientations = "UIInterfaceOrientationPortrait UIInterfaceOrientationPortraitUpsideDown";
				INFOPLIST_KEY_WKCompanionAppBundleIdentifier = com.carlineng.RadAlert;
				INFOPLIST_KEY_WKRunsIndependentlyOfCompanionApp = YES;
				LD_RUNPATH_SEARCH_PATHS = (
					"$(inherited)",
					"@executable_path/Frameworks",
				);
				MARKETING_VERSION = 1.0;
				PRODUCT_BUNDLE_IDENTIFIER = com.carlineng.RadAlert.watchkitapp;
				PRODUCT_NAME = "$(TARGET_NAME)";
				SDKROOT = watchos;
				SWIFT_EMIT_LOC_STRINGS = YES;
				SWIFT_VERSION = 5.0;
				TARGETED_DEVICE_FAMILY = 4;
				WATCHOS_DEPLOYMENT_TARGET = 10.5;
			};
			name = Release;
		};
		CE00000A0000000000000AAF /* Debug (VariAlertStub) */ = {
			isa = XCBuildConfiguration;
			buildSettings = {
				CODE_SIGN_STYLE = Automatic;
				CURRENT_PROJECT_VERSION = 1;
				DEVELOPMENT_TEAM = 82Z3449U28;
				GENERATE_INFOPLIST_FILE = YES;
				INFOPLIST_KEY_CFBundleDisplayName = RadAlert;
				INFOPLIST_KEY_UILaunchScreen_Generation = YES;
				INFOPLIST_KEY_UISupportedInterfaceOrientations_iPhone = UIInterfaceOrientationPortrait;
				IPHONEOS_DEPLOYMENT_TARGET = 17.0;
				LD_RUNPATH_SEARCH_PATHS = (
					"$(inherited)",
					"@executable_path/Frameworks",
				);
				MARKETING_VERSION = 1.0;
				PRODUCT_BUNDLE_IDENTIFIER = com.carlineng.RadAlert;
				PRODUCT_NAME = "$(TARGET_NAME)";
				SDKROOT = iphoneos;
				SWIFT_EMIT_LOC_STRINGS = YES;
				SWIFT_VERSION = 5.0;
				TARGETED_DEVICE_FAMILY = 1;
			};
			name = Debug;
		};
		CE00000B0000000000000BBF /* Release (VariAlertStub) */ = {
			isa = XCBuildConfiguration;
			buildSettings = {
				CODE_SIGN_STYLE = Automatic;
				CURRENT_PROJECT_VERSION = 1;
				DEVELOPMENT_TEAM = 82Z3449U28;
				GENERATE_INFOPLIST_FILE = YES;
				INFOPLIST_KEY_CFBundleDisplayName = RadAlert;
				INFOPLIST_KEY_UILaunchScreen_Generation = YES;
				INFOPLIST_KEY_UISupportedInterfaceOrientations_iPhone = UIInterfaceOrientationPortrait;
				IPHONEOS_DEPLOYMENT_TARGET = 17.0;
				LD_RUNPATH_SEARCH_PATHS = (
					"$(inherited)",
					"@executable_path/Frameworks",
				);
				MARKETING_VERSION = 1.0;
				PRODUCT_BUNDLE_IDENTIFIER = com.carlineng.RadAlert;
				PRODUCT_NAME = "$(TARGET_NAME)";
				SDKROOT = iphoneos;
				SWIFT_EMIT_LOC_STRINGS = YES;
				SWIFT_VERSION = 5.0;
				TARGETED_DEVICE_FAMILY = 1;
			};
			name = Release;
		};
/* End XCBuildConfiguration section */

/* Begin XCConfigurationList section */
		36FE29D12D502B1800A5E88E /* Build configuration list for PBXProject "RadAlert" */ = {
			isa = XCConfigurationList;
			buildConfigurations = (
				36FE29E22D502B1900A5E88E /* Debug */,
				36FE29E32D502B1900A5E88E /* Release */,
			);
			defaultConfigurationIsVisible = 0;
			defaultConfigurationName = Release;
		};
		36FE29F92D502BA600A5E88E /* Build configuration list for PBXNativeTarget "RadAlert Watch App" */ = {
			isa = XCConfigurationList;
			buildConfigurations = (
				36FE29FA2D502BA600A5E88E /* Debug */,
				36FE29FB2D502BA600A5E88E /* Release */,
			);
			defaultConfigurationIsVisible = 0;
			defaultConfigurationName = Release;
		};
		CE00000C0000000000000CCF /* Build configuration list for PBXNativeTarget "VariAlertStub" */ = {
			isa = XCConfigurationList;
			buildConfigurations = (
				CE00000A0000000000000AAF /* Debug */,
				CE00000B0000000000000BBF /* Release */,
			);
			defaultConfigurationIsVisible = 0;
			defaultConfigurationName = Release;
		};
/* End XCConfigurationList section */
	};
	rootObject = 36FE29CE2D502B1800A5E88E /* Project object */;
}
